
Microsoft Visual Studio Solution File, Format Version 12.00
# Visual Studio 15
VisualStudioVersion = 15.0.27428.2005
MinimumVisualStudioVersion = 10.0.40219.1
Project("{9A19103F-16F7-4668-BE54-9A1E7A4F7556}") = "GUI_Index", "GUI_Index\GUI_Index.csproj", "{DF579287-56CC-40AD-BAEB-BE0B47A0CC74}"
EndProject
Project("{9A19103F-16F7-4668-BE54-9A1E7A4F7556}") = "WebserverUnitTests", "GUI_Index.unit.test\WebserverUnitTests.csproj", "{63AEA6DF-64F8-4AF7-BE7F-7D7088B7857F}"
EndProject
Project("{9A19103F-16F7-4668-BE54-9A1E7A4F7556}") = "GUICommLayer", "GUICommLayer\GUICommLayer.csproj", "{1516CA4C-6357-4F04-9D1B-FFF95EB2807B}"
EndProject
Project("{9A19103F-16F7-4668-BE54-9A1E7A4F7556}") = "WebserverIntegrationTests", "WebserverIntegrationTests\WebserverIntegrationTests.csproj", "{DA581500-A113-4353-9100-D002D21FD0D2}"
EndProject
Project("{9A19103F-16F7-4668-BE54-9A1E7A4F7556}") = "Domain", "..\..\SwagAttack_Gameserver_Mirror\GameServer\Domain\Domain.csproj", "{29378BF1-57B3-477D-A669-ED4C8FF47C50}"
EndProject
Project("{9A19103F-16F7-4668-BE54-9A1E7A4F7556}") = "GUICommLayerUnitTests", "GUICommLayerUnitTests\GUICommLayerUnitTests.csproj", "{44EF7F4C-95AA-43A9-B147-5B52FEDAA51E}"
EndProject
Global
	GlobalSection(SolutionConfigurationPlatforms) = preSolution
		Debug|Any CPU = Debug|Any CPU
		Release|Any CPU = Release|Any CPU
	EndGlobalSection
	GlobalSection(ProjectConfigurationPlatforms) = postSolution
		{DF579287-56CC-40AD-BAEB-BE0B47A0CC74}.Debug|Any CPU.ActiveCfg = Debug|Any CPU
		{DF579287-56CC-40AD-BAEB-BE0B47A0CC74}.Debug|Any CPU.Build.0 = Debug|Any CPU
		{DF579287-56CC-40AD-BAEB-BE0B47A0CC74}.Release|Any CPU.ActiveCfg = Debug|Any CPU
		{DF579287-56CC-40AD-BAEB-BE0B47A0CC74}.Release|Any CPU.Build.0 = Debug|Any CPU
		{63AEA6DF-64F8-4AF7-BE7F-7D7088B7857F}.Debug|Any CPU.ActiveCfg = Debug|Any CPU
		{63AEA6DF-64F8-4AF7-BE7F-7D7088B7857F}.Debug|Any CPU.Build.0 = Debug|Any CPU
		{63AEA6DF-64F8-4AF7-BE7F-7D7088B7857F}.Release|Any CPU.ActiveCfg = Debug|Any CPU
		{63AEA6DF-64F8-4AF7-BE7F-7D7088B7857F}.Release|Any CPU.Build.0 = Debug|Any CPU
		{1516CA4C-6357-4F04-9D1B-FFF95EB2807B}.Debug|Any CPU.ActiveCfg = Debug|Any CPU
		{1516CA4C-6357-4F04-9D1B-FFF95EB2807B}.Debug|Any CPU.Build.0 = Debug|Any CPU
		{1516CA4C-6357-4F04-9D1B-FFF95EB2807B}.Release|Any CPU.ActiveCfg = Debug|Any CPU
		{1516CA4C-6357-4F04-9D1B-FFF95EB2807B}.Release|Any CPU.Build.0 = Debug|Any CPU
		{DA581500-A113-4353-9100-D002D21FD0D2}.Debug|Any CPU.ActiveCfg = Debug|Any CPU
		{DA581500-A113-4353-9100-D002D21FD0D2}.Debug|Any CPU.Build.0 = Debug|Any CPU
		{DA581500-A113-4353-9100-D002D21FD0D2}.Release|Any CPU.ActiveCfg = Debug|Any CPU
		{DA581500-A113-4353-9100-D002D21FD0D2}.Release|Any CPU.Build.0 = Debug|Any CPU
		{29378BF1-57B3-477D-A669-ED4C8FF47C50}.Debug|Any CPU.ActiveCfg = Debug|Any CPU
		{29378BF1-57B3-477D-A669-ED4C8FF47C50}.Debug|Any CPU.Build.0 = Debug|Any CPU
		{29378BF1-57B3-477D-A669-ED4C8FF47C50}.Release|Any CPU.ActiveCfg = Debug|Any CPU
		{29378BF1-57B3-477D-A669-ED4C8FF47C50}.Release|Any CPU.Build.0 = Debug|Any CPU
		{44EF7F4C-95AA-43A9-B147-5B52FEDAA51E}.Debug|Any CPU.ActiveCfg = Debug|Any CPU
		{44EF7F4C-95AA-43A9-B147-5B52FEDAA51E}.Debug|Any CPU.Build.0 = Debug|Any CPU
		{44EF7F4C-95AA-43A9-B147-5B52FEDAA51E}.Release|Any CPU.ActiveCfg = Debug|Any CPU
		{44EF7F4C-95AA-43A9-B147-5B52FEDAA51E}.Release|Any CPU.Build.0 = Debug|Any CPU
	EndGlobalSection
	GlobalSection(SolutionProperties) = preSolution
		HideSolutionNode = FALSE
	EndGlobalSection
	GlobalSection(ExtensibilityGlobals) = postSolution
		SolutionGuid = {83B9A72F-44C8-4828-B2D7-3C02BA4CFCB7}
	EndGlobalSection
EndGlobal
