
Microsoft Visual Studio Solution File, Format Version 12.00
# Visual Studio 15
VisualStudioVersion = 15.0.27428.2005
MinimumVisualStudioVersion = 10.0.40219.1
Project("{9A19103F-16F7-4668-BE54-9A1E7A4F7556}") = "GUI", "GUI\GUI.csproj", "{F9D66B65-31BA-460A-8725-B95E2EF20EF2}"
EndProject
Project("{FAE04EC0-301F-11D3-BF4B-00C04F79EFBC}") = "GUI_Index", "GUI_Index\GUI_Index.csproj", "{84890DF6-4666-410F-8B52-B61D3E736934}"
EndProject
Global
	GlobalSection(SolutionConfigurationPlatforms) = preSolution
		Debug|Any CPU = Debug|Any CPU
		Release|Any CPU = Release|Any CPU
	EndGlobalSection
	GlobalSection(ProjectConfigurationPlatforms) = postSolution
		{F9D66B65-31BA-460A-8725-B95E2EF20EF2}.Debug|Any CPU.ActiveCfg = Debug|Any CPU
		{F9D66B65-31BA-460A-8725-B95E2EF20EF2}.Debug|Any CPU.Build.0 = Debug|Any CPU
		{F9D66B65-31BA-460A-8725-B95E2EF20EF2}.Release|Any CPU.ActiveCfg = Release|Any CPU
		{F9D66B65-31BA-460A-8725-B95E2EF20EF2}.Release|Any CPU.Build.0 = Release|Any CPU
		{84890DF6-4666-410F-8B52-B61D3E736934}.Debug|Any CPU.ActiveCfg = Debug|Any CPU
		{84890DF6-4666-410F-8B52-B61D3E736934}.Debug|Any CPU.Build.0 = Debug|Any CPU
		{84890DF6-4666-410F-8B52-B61D3E736934}.Release|Any CPU.ActiveCfg = Release|Any CPU
		{84890DF6-4666-410F-8B52-B61D3E736934}.Release|Any CPU.Build.0 = Release|Any CPU
	EndGlobalSection
	GlobalSection(SolutionProperties) = preSolution
		HideSolutionNode = FALSE
	EndGlobalSection
	GlobalSection(ExtensibilityGlobals) = postSolution
		SolutionGuid = {83B9A72F-44C8-4828-B2D7-3C02BA4CFCB7}
	EndGlobalSection
EndGlobal
