
Microsoft Visual Studio Solution File, Format Version 12.00
# Visual Studio 15
VisualStudioVersion = 15.0.27130.2027
MinimumVisualStudioVersion = 10.0.40219.1
Project("{FAE04EC0-301F-11D3-BF4B-00C04F79EFBC}") = "GuiCommunicationLayer", "GuiCommunicationLayer\GuiCommunicationLayer.csproj", "{C2D6A80A-6CEF-47A2-ADAD-A0129E4B658A}"
EndProject
Global
	GlobalSection(SolutionConfigurationPlatforms) = preSolution
		Debug|Any CPU = Debug|Any CPU
		Release|Any CPU = Release|Any CPU
	EndGlobalSection
	GlobalSection(ProjectConfigurationPlatforms) = postSolution
		{C2D6A80A-6CEF-47A2-ADAD-A0129E4B658A}.Debug|Any CPU.ActiveCfg = Debug|Any CPU
		{C2D6A80A-6CEF-47A2-ADAD-A0129E4B658A}.Debug|Any CPU.Build.0 = Debug|Any CPU
		{C2D6A80A-6CEF-47A2-ADAD-A0129E4B658A}.Release|Any CPU.ActiveCfg = Release|Any CPU
		{C2D6A80A-6CEF-47A2-ADAD-A0129E4B658A}.Release|Any CPU.Build.0 = Release|Any CPU
	EndGlobalSection
	GlobalSection(SolutionProperties) = preSolution
		HideSolutionNode = FALSE
	EndGlobalSection
	GlobalSection(ExtensibilityGlobals) = postSolution
		SolutionGuid = {AB0FE501-DFEF-42D4-958F-EC33C5DA6C0E}
	EndGlobalSection
EndGlobal
